
Microsoft Visual Studio Solution File, Format Version 12.00
# Visual Studio Version 17
VisualStudioVersion = 17.4.33213.308
MinimumVisualStudioVersion = 10.0.40219.1
Project("{2150E333-8FDC-42A3-9474-1A3956D46DE8}") = "Core", "Core", "{312F27AD-6A29-449D-8D0A-1D7A02BAED09}"
EndProject
Project("{9A19103F-16F7-4668-BE54-9A1E7A4F7556}") = "ETicaretAPI.Domain", "Core\ETicaretAPI.Domain\ETicaretAPI.Domain.csproj", "{8D68D35E-C914-4795-BC44-F31125158CCC}"
EndProject
Project("{9A19103F-16F7-4668-BE54-9A1E7A4F7556}") = "ETicaretAPI.Application", "Core\ETicaretAPI.Application\ETicaretAPI.Application.csproj", "{DC0FE538-3E0B-4BF5-A27D-60DBFD82F109}"
EndProject
Project("{2150E333-8FDC-42A3-9474-1A3956D46DE8}") = "Infrastructure", "Infrastructure", "{792B8286-D7E1-430D-8148-4A5A75079188}"
EndProject
Project("{9A19103F-16F7-4668-BE54-9A1E7A4F7556}") = "ETicaretAPI.Infrastructure", "Infrastructure\ETicaretAPI.Infrastructure\ETicaretAPI.Infrastructure.csproj", "{B8739DD4-A97D-4934-817E-0D9CC2DD88DE}"
EndProject
Project("{9A19103F-16F7-4668-BE54-9A1E7A4F7556}") = "ETicaretAPI.Persistence", "Infrastructure\ETicaretAPI.Persistence\ETicaretAPI.Persistence.csproj", "{7FCC3E7D-E96E-43FB-89D2-F5482EE54A91}"
EndProject
Project("{2150E333-8FDC-42A3-9474-1A3956D46DE8}") = "Presentation", "Presentation", "{9BE1B584-AE4B-4933-BD59-F8193931715A}"
EndProject
Project("{FAE04EC0-301F-11D3-BF4B-00C04F79EFBC}") = "ETicaretAPI", "Presentation\ETicaretAPI\ETicaretAPI.csproj", "{2F61C43B-4790-4AE8-B46F-1204720851F5}"
EndProject
Global
	GlobalSection(SolutionConfigurationPlatforms) = preSolution
		Debug|Any CPU = Debug|Any CPU
		Release|Any CPU = Release|Any CPU
	EndGlobalSection
	GlobalSection(ProjectConfigurationPlatforms) = postSolution
		{8D68D35E-C914-4795-BC44-F31125158CCC}.Debug|Any CPU.ActiveCfg = Debug|Any CPU
		{8D68D35E-C914-4795-BC44-F31125158CCC}.Debug|Any CPU.Build.0 = Debug|Any CPU
		{8D68D35E-C914-4795-BC44-F31125158CCC}.Release|Any CPU.ActiveCfg = Release|Any CPU
		{8D68D35E-C914-4795-BC44-F31125158CCC}.Release|Any CPU.Build.0 = Release|Any CPU
		{DC0FE538-3E0B-4BF5-A27D-60DBFD82F109}.Debug|Any CPU.ActiveCfg = Debug|Any CPU
		{DC0FE538-3E0B-4BF5-A27D-60DBFD82F109}.Debug|Any CPU.Build.0 = Debug|Any CPU
		{DC0FE538-3E0B-4BF5-A27D-60DBFD82F109}.Release|Any CPU.ActiveCfg = Release|Any CPU
		{DC0FE538-3E0B-4BF5-A27D-60DBFD82F109}.Release|Any CPU.Build.0 = Release|Any CPU
		{B8739DD4-A97D-4934-817E-0D9CC2DD88DE}.Debug|Any CPU.ActiveCfg = Debug|Any CPU
		{B8739DD4-A97D-4934-817E-0D9CC2DD88DE}.Debug|Any CPU.Build.0 = Debug|Any CPU
		{B8739DD4-A97D-4934-817E-0D9CC2DD88DE}.Release|Any CPU.ActiveCfg = Release|Any CPU
		{B8739DD4-A97D-4934-817E-0D9CC2DD88DE}.Release|Any CPU.Build.0 = Release|Any CPU
		{7FCC3E7D-E96E-43FB-89D2-F5482EE54A91}.Debug|Any CPU.ActiveCfg = Debug|Any CPU
		{7FCC3E7D-E96E-43FB-89D2-F5482EE54A91}.Debug|Any CPU.Build.0 = Debug|Any CPU
		{7FCC3E7D-E96E-43FB-89D2-F5482EE54A91}.Release|Any CPU.ActiveCfg = Release|Any CPU
		{7FCC3E7D-E96E-43FB-89D2-F5482EE54A91}.Release|Any CPU.Build.0 = Release|Any CPU
		{2F61C43B-4790-4AE8-B46F-1204720851F5}.Debug|Any CPU.ActiveCfg = Debug|Any CPU
		{2F61C43B-4790-4AE8-B46F-1204720851F5}.Debug|Any CPU.Build.0 = Debug|Any CPU
		{2F61C43B-4790-4AE8-B46F-1204720851F5}.Release|Any CPU.ActiveCfg = Release|Any CPU
		{2F61C43B-4790-4AE8-B46F-1204720851F5}.Release|Any CPU.Build.0 = Release|Any CPU
	EndGlobalSection
	GlobalSection(SolutionProperties) = preSolution
		HideSolutionNode = FALSE
	EndGlobalSection
	GlobalSection(NestedProjects) = preSolution
		{8D68D35E-C914-4795-BC44-F31125158CCC} = {312F27AD-6A29-449D-8D0A-1D7A02BAED09}
		{DC0FE538-3E0B-4BF5-A27D-60DBFD82F109} = {312F27AD-6A29-449D-8D0A-1D7A02BAED09}
		{B8739DD4-A97D-4934-817E-0D9CC2DD88DE} = {792B8286-D7E1-430D-8148-4A5A75079188}
		{7FCC3E7D-E96E-43FB-89D2-F5482EE54A91} = {792B8286-D7E1-430D-8148-4A5A75079188}
		{2F61C43B-4790-4AE8-B46F-1204720851F5} = {9BE1B584-AE4B-4933-BD59-F8193931715A}
	EndGlobalSection
	GlobalSection(ExtensibilityGlobals) = postSolution
		SolutionGuid = {0D11B784-A647-4B35-B42C-4D11FB954DCE}
	EndGlobalSection
EndGlobal
